// !$*UTF8*$!
{
	archiveVersion = 1;
	classes = {
	};
	objectVersion = 48;
	objects = {

/* Begin PBXBuildFile section */
		854F7DE9202012FD00FE5663 /* Ocean.swift in Sources */ = {isa = PBXBuildFile; fileRef = 854F7DE8202012FD00FE5663 /* Ocean.swift */; };
		854F7DED20201ADD00FE5663 /* Assets.xcassets in Resources */ = {isa = PBXBuildFile; fileRef = 854F7DEC20201ADD00FE5663 /* Assets.xcassets */; };
		85B224582029300D00AACE84 /* Island.swift in Sources */ = {isa = PBXBuildFile; fileRef = 85B224572029300D00AACE84 /* Island.swift */; };
		85E22FDC201FEBF900FAD762 /* AppDelegate.swift in Sources */ = {isa = PBXBuildFile; fileRef = 85E22FDB201FEBF900FAD762 /* AppDelegate.swift */; };
		85E22FDE201FEBF900FAD762 /* GameScene.sks in Resources */ = {isa = PBXBuildFile; fileRef = 85E22FDD201FEBF900FAD762 /* GameScene.sks */; };
		85E22FE0201FEBF900FAD762 /* Actions.sks in Resources */ = {isa = PBXBuildFile; fileRef = 85E22FDF201FEBF900FAD762 /* Actions.sks */; };
		85E22FE2201FEBF900FAD762 /* GameScene.swift in Sources */ = {isa = PBXBuildFile; fileRef = 85E22FE1201FEBF900FAD762 /* GameScene.swift */; };
		85E22FE4201FEBF900FAD762 /* GameViewController.swift in Sources */ = {isa = PBXBuildFile; fileRef = 85E22FE3201FEBF900FAD762 /* GameViewController.swift */; };
		85E22FE7201FEBF900FAD762 /* Main.storyboard in Resources */ = {isa = PBXBuildFile; fileRef = 85E22FE5201FEBF900FAD762 /* Main.storyboard */; };
		85E22FEC201FEBF900FAD762 /* LaunchScreen.storyboard in Resources */ = {isa = PBXBuildFile; fileRef = 85E22FEA201FEBF900FAD762 /* LaunchScreen.storyboard */; };
		85E22FF4201FED3900FAD762 /* engine.mp3 in Resources */ = {isa = PBXBuildFile; fileRef = 85E22FF3201FED3900FAD762 /* engine.mp3 */; };
		85E22FF6201FED3E00FAD762 /* thunder.mp3 in Resources */ = {isa = PBXBuildFile; fileRef = 85E22FF5201FED3E00FAD762 /* thunder.mp3 */; };
		85E22FF8201FED4600FAD762 /* yay.mp3 in Resources */ = {isa = PBXBuildFile; fileRef = 85E22FF7201FED4500FAD762 /* yay.mp3 */; };
		85E22FFA201FED9F00FAD762 /* Dock51.ttf in Resources */ = {isa = PBXBuildFile; fileRef = 85E22FF9201FED8C00FAD762 /* Dock51.ttf */; };
		85E23000201FFD2E00FAD762 /* Info.plist in Resources */ = {isa = PBXBuildFile; fileRef = 85E22FED201FEBF900FAD762 /* Info.plist */; };
		85E230032020053500FAD762 /* GameObject.swift in Sources */ = {isa = PBXBuildFile; fileRef = 85E230022020053500FAD762 /* GameObject.swift */; };
		85E230052020090100FAD762 /* GameProtocol.swift in Sources */ = {isa = PBXBuildFile; fileRef = 85E230042020090100FAD762 /* GameProtocol.swift */; };
		85E230072020098A00FAD762 /* Plane.swift in Sources */ = {isa = PBXBuildFile; fileRef = 85E230062020098A00FAD762 /* Plane.swift */; };
/* End PBXBuildFile section */

/* Begin PBXFileReference section */
		854F7DE8202012FD00FE5663 /* Ocean.swift */ = {isa = PBXFileReference; lastKnownFileType = sourcecode.swift; path = Ocean.swift; sourceTree = "<group>"; };
		854F7DEC20201ADD00FE5663 /* Assets.xcassets */ = {isa = PBXFileReference; lastKnownFileType = folder.assetcatalog; path = Assets.xcassets; sourceTree = "<group>"; };
		85B224572029300D00AACE84 /* Island.swift */ = {isa = PBXFileReference; lastKnownFileType = sourcecode.swift; path = Island.swift; sourceTree = "<group>"; };
		85E22FD8201FEBF900FAD762 /* MAPD724-W2018-Lesson2.app */ = {isa = PBXFileReference; explicitFileType = wrapper.application; includeInIndex = 0; path = "MAPD724-W2018-Lesson2.app"; sourceTree = BUILT_PRODUCTS_DIR; };
		85E22FDB201FEBF900FAD762 /* AppDelegate.swift */ = {isa = PBXFileReference; lastKnownFileType = sourcecode.swift; path = AppDelegate.swift; sourceTree = "<group>"; };
		85E22FDD201FEBF900FAD762 /* GameScene.sks */ = {isa = PBXFileReference; lastKnownFileType = file.sks; path = GameScene.sks; sourceTree = "<group>"; };
		85E22FDF201FEBF900FAD762 /* Actions.sks */ = {isa = PBXFileReference; lastKnownFileType = file.sks; path = Actions.sks; sourceTree = "<group>"; };
		85E22FE1201FEBF900FAD762 /* GameScene.swift */ = {isa = PBXFileReference; lastKnownFileType = sourcecode.swift; path = GameScene.swift; sourceTree = "<group>"; };
		85E22FE3201FEBF900FAD762 /* GameViewController.swift */ = {isa = PBXFileReference; lastKnownFileType = sourcecode.swift; path = GameViewController.swift; sourceTree = "<group>"; };
		85E22FE6201FEBF900FAD762 /* Base */ = {isa = PBXFileReference; lastKnownFileType = file.storyboard; name = Base; path = Base.lproj/Main.storyboard; sourceTree = "<group>"; };
		85E22FEB201FEBF900FAD762 /* Base */ = {isa = PBXFileReference; lastKnownFileType = file.storyboard; name = Base; path = Base.lproj/LaunchScreen.storyboard; sourceTree = "<group>"; };
		85E22FED201FEBF900FAD762 /* Info.plist */ = {isa = PBXFileReference; lastKnownFileType = text.plist.xml; path = Info.plist; sourceTree = "<group>"; };
		85E22FF3201FED3900FAD762 /* engine.mp3 */ = {isa = PBXFileReference; lastKnownFileType = audio.mp3; name = engine.mp3; path = ../../Assets/audio/engine.mp3; sourceTree = "<group>"; };
		85E22FF5201FED3E00FAD762 /* thunder.mp3 */ = {isa = PBXFileReference; lastKnownFileType = audio.mp3; name = thunder.mp3; path = ../../Assets/audio/thunder.mp3; sourceTree = "<group>"; };
		85E22FF7201FED4500FAD762 /* yay.mp3 */ = {isa = PBXFileReference; lastKnownFileType = audio.mp3; name = yay.mp3; path = ../../Assets/audio/yay.mp3; sourceTree = "<group>"; };
		85E22FF9201FED8C00FAD762 /* Dock51.ttf */ = {isa = PBXFileReference; lastKnownFileType = file; name = Dock51.ttf; path = ../../Assets/fonts/Dock51.ttf; sourceTree = "<group>"; };
		85E230022020053500FAD762 /* GameObject.swift */ = {isa = PBXFileReference; lastKnownFileType = sourcecode.swift; path = GameObject.swift; sourceTree = "<group>"; };
		85E230042020090100FAD762 /* GameProtocol.swift */ = {isa = PBXFileReference; lastKnownFileType = sourcecode.swift; path = GameProtocol.swift; sourceTree = "<group>"; };
		85E230062020098A00FAD762 /* Plane.swift */ = {isa = PBXFileReference; lastKnownFileType = sourcecode.swift; path = Plane.swift; sourceTree = "<group>"; };
/* End PBXFileReference section */

/* Begin PBXFrameworksBuildPhase section */
		85E22FD5201FEBF900FAD762 /* Frameworks */ = {
			isa = PBXFrameworksBuildPhase;
			buildActionMask = 2147483647;
			files = (
			);
			runOnlyForDeploymentPostprocessing = 0;
		};
/* End PBXFrameworksBuildPhase section */

/* Begin PBXGroup section */
		85E22FCF201FEBF900FAD762 = {
			isa = PBXGroup;
			children = (
				85E22FDA201FEBF900FAD762 /* MAPD724-W2018-Lesson2 */,
				85E22FD9201FEBF900FAD762 /* Products */,
			);
			sourceTree = "<group>";
		};
		85E22FD9201FEBF900FAD762 /* Products */ = {
			isa = PBXGroup;
			children = (
				85E22FD8201FEBF900FAD762 /* MAPD724-W2018-Lesson2.app */,
			);
			name = Products;
			sourceTree = "<group>";
		};
		85E22FDA201FEBF900FAD762 /* MAPD724-W2018-Lesson2 */ = {
			isa = PBXGroup;
			children = (
				85E23001202004EA00FAD762 /* Objects */,
				85E22FFD201FF8B400FAD762 /* Scenes */,
				85E22FDB201FEBF900FAD762 /* AppDelegate.swift */,
				85E22FDF201FEBF900FAD762 /* Actions.sks */,
				85E22FE3201FEBF900FAD762 /* GameViewController.swift */,
				85E22FE5201FEBF900FAD762 /* Main.storyboard */,
				85E22FEA201FEBF900FAD762 /* LaunchScreen.storyboard */,
				854F7DEC20201ADD00FE5663 /* Assets.xcassets */,
				85E22FF3201FED3900FAD762 /* engine.mp3 */,
				85E22FF7201FED4500FAD762 /* yay.mp3 */,
				85E22FF5201FED3E00FAD762 /* thunder.mp3 */,
				85E22FF9201FED8C00FAD762 /* Dock51.ttf */,
				85E22FED201FEBF900FAD762 /* Info.plist */,
			);
			path = "MAPD724-W2018-Lesson2";
			sourceTree = "<group>";
		};
		85E22FFD201FF8B400FAD762 /* Scenes */ = {
			isa = PBXGroup;
			children = (
				85E22FDD201FEBF900FAD762 /* GameScene.sks */,
				85E22FE1201FEBF900FAD762 /* GameScene.swift */,
			);
			path = Scenes;
			sourceTree = "<group>";
		};
		85E23001202004EA00FAD762 /* Objects */ = {
			isa = PBXGroup;
			children = (
				85E230022020053500FAD762 /* GameObject.swift */,
				85E230042020090100FAD762 /* GameProtocol.swift */,
				85E230062020098A00FAD762 /* Plane.swift */,
				854F7DE8202012FD00FE5663 /* Ocean.swift */,
				85B224572029300D00AACE84 /* Island.swift */,
			);
			path = Objects;
			sourceTree = "<group>";
		};
/* End PBXGroup section */

/* Begin PBXNativeTarget section */
		85E22FD7201FEBF900FAD762 /* MAPD724-W2018-Lesson2 */ = {
			isa = PBXNativeTarget;
			buildConfigurationList = 85E22FF0201FEBF900FAD762 /* Build configuration list for PBXNativeTarget "MAPD724-W2018-Lesson2" */;
			buildPhases = (
				85E22FD4201FEBF900FAD762 /* Sources */,
				85E22FD5201FEBF900FAD762 /* Frameworks */,
				85E22FD6201FEBF900FAD762 /* Resources */,
			);
			buildRules = (
			);
			dependencies = (
			);
			name = "MAPD724-W2018-Lesson2";
			productName = "MAPD724-W2018-Lesson2";
			productReference = 85E22FD8201FEBF900FAD762 /* MAPD724-W2018-Lesson2.app */;
			productType = "com.apple.product-type.application";
		};
/* End PBXNativeTarget section */

/* Begin PBXProject section */
		85E22FD0201FEBF900FAD762 /* Project object */ = {
			isa = PBXProject;
			attributes = {
				LastSwiftUpdateCheck = 0920;
				LastUpgradeCheck = 0920;
				ORGANIZATIONNAME = "Centennial College";
				TargetAttributes = {
					85E22FD7201FEBF900FAD762 = {
						CreatedOnToolsVersion = 9.2;
						ProvisioningStyle = Automatic;
					};
				};
			};
			buildConfigurationList = 85E22FD3201FEBF900FAD762 /* Build configuration list for PBXProject "MAPD724-W2018-Lesson2" */;
			compatibilityVersion = "Xcode 8.0";
			developmentRegion = en;
			hasScannedForEncodings = 0;
			knownRegions = (
				en,
				Base,
			);
			mainGroup = 85E22FCF201FEBF900FAD762;
			productRefGroup = 85E22FD9201FEBF900FAD762 /* Products */;
			projectDirPath = "";
			projectRoot = "";
			targets = (
				85E22FD7201FEBF900FAD762 /* MAPD724-W2018-Lesson2 */,
			);
		};
/* End PBXProject section */

/* Begin PBXResourcesBuildPhase section */
		85E22FD6201FEBF900FAD762 /* Resources */ = {
			isa = PBXResourcesBuildPhase;
			buildActionMask = 2147483647;
			files = (
				85E22FF8201FED4600FAD762 /* yay.mp3 in Resources */,
				85E22FE7201FEBF900FAD762 /* Main.storyboard in Resources */,
				85E22FF6201FED3E00FAD762 /* thunder.mp3 in Resources */,
				85E22FFA201FED9F00FAD762 /* Dock51.ttf in Resources */,
				854F7DED20201ADD00FE5663 /* Assets.xcassets in Resources */,
				85E22FDE201FEBF900FAD762 /* GameScene.sks in Resources */,
				85E22FEC201FEBF900FAD762 /* LaunchScreen.storyboard in Resources */,
				85E23000201FFD2E00FAD762 /* Info.plist in Resources */,
				85E22FF4201FED3900FAD762 /* engine.mp3 in Resources */,
				85E22FE0201FEBF900FAD762 /* Actions.sks in Resources */,
			);
			runOnlyForDeploymentPostprocessing = 0;
		};
/* End PBXResourcesBuildPhase section */

/* Begin PBXSourcesBuildPhase section */
		85E22FD4201FEBF900FAD762 /* Sources */ = {
			isa = PBXSourcesBuildPhase;
			buildActionMask = 2147483647;
			files = (
				854F7DE9202012FD00FE5663 /* Ocean.swift in Sources */,
				85E230032020053500FAD762 /* GameObject.swift in Sources */,
				85B224582029300D00AACE84 /* Island.swift in Sources */,
				85E230052020090100FAD762 /* GameProtocol.swift in Sources */,
				85E22FE2201FEBF900FAD762 /* GameScene.swift in Sources */,
				85E22FE4201FEBF900FAD762 /* GameViewController.swift in Sources */,
				85E230072020098A00FAD762 /* Plane.swift in Sources */,
				85E22FDC201FEBF900FAD762 /* AppDelegate.swift in Sources */,
			);
			runOnlyForDeploymentPostprocessing = 0;
		};
/* End PBXSourcesBuildPhase section */

/* Begin PBXVariantGroup section */
		85E22FE5201FEBF900FAD762 /* Main.storyboard */ = {
			isa = PBXVariantGroup;
			children = (
				85E22FE6201FEBF900FAD762 /* Base */,
			);
			name = Main.storyboard;
			sourceTree = "<group>";
		};
		85E22FEA201FEBF900FAD762 /* LaunchScreen.storyboard */ = {
			isa = PBXVariantGroup;
			children = (
				85E22FEB201FEBF900FAD762 /* Base */,
			);
			name = LaunchScreen.storyboard;
			sourceTree = "<group>";
		};
/* End PBXVariantGroup section */

/* Begin XCBuildConfiguration section */
		85E22FEE201FEBF900FAD762 /* Debug */ = {
			isa = XCBuildConfiguration;
			buildSettings = {
				ALWAYS_SEARCH_USER_PATHS = NO;
				CLANG_ANALYZER_NONNULL = YES;
				CLANG_ANALYZER_NUMBER_OBJECT_CONVERSION = YES_AGGRESSIVE;
				CLANG_CXX_LANGUAGE_STANDARD = "gnu++14";
				CLANG_CXX_LIBRARY = "libc++";
				CLANG_ENABLE_MODULES = YES;
				CLANG_ENABLE_OBJC_ARC = YES;
				CLANG_WARN_BLOCK_CAPTURE_AUTORELEASING = YES;
				CLANG_WARN_BOOL_CONVERSION = YES;
				CLANG_WARN_COMMA = YES;
				CLANG_WARN_CONSTANT_CONVERSION = YES;
				CLANG_WARN_DIRECT_OBJC_ISA_USAGE = YES_ERROR;
				CLANG_WARN_DOCUMENTATION_COMMENTS = YES;
				CLANG_WARN_EMPTY_BODY = YES;
				CLANG_WARN_ENUM_CONVERSION = YES;
				CLANG_WARN_INFINITE_RECURSION = YES;
				CLANG_WARN_INT_CONVERSION = YES;
				CLANG_WARN_NON_LITERAL_NULL_CONVERSION = YES;
				CLANG_WARN_OBJC_LITERAL_CONVERSION = YES;
				CLANG_WARN_OBJC_ROOT_CLASS = YES_ERROR;
				CLANG_WARN_RANGE_LOOP_ANALYSIS = YES;
				CLANG_WARN_STRICT_PROTOTYPES = YES;
				CLANG_WARN_SUSPICIOUS_MOVE = YES;
				CLANG_WARN_UNGUARDED_AVAILABILITY = YES_AGGRESSIVE;
				CLANG_WARN_UNREACHABLE_CODE = YES;
				CLANG_WARN__DUPLICATE_METHOD_MATCH = YES;
				CODE_SIGN_IDENTITY = "iPhone Developer";
				COPY_PHASE_STRIP = NO;
				DEBUG_INFORMATION_FORMAT = dwarf;
				ENABLE_STRICT_OBJC_MSGSEND = YES;
				ENABLE_TESTABILITY = YES;
				GCC_C_LANGUAGE_STANDARD = gnu11;
				GCC_DYNAMIC_NO_PIC = NO;
				GCC_NO_COMMON_BLOCKS = YES;
				GCC_OPTIMIZATION_LEVEL = 0;
				GCC_PREPROCESSOR_DEFINITIONS = (
					"DEBUG=1",
					"$(inherited)",
				);
				GCC_WARN_64_TO_32_BIT_CONVERSION = YES;
				GCC_WARN_ABOUT_RETURN_TYPE = YES_ERROR;
				GCC_WARN_UNDECLARED_SELECTOR = YES;
				GCC_WARN_UNINITIALIZED_AUTOS = YES_AGGRESSIVE;
				GCC_WARN_UNUSED_FUNCTION = YES;
				GCC_WARN_UNUSED_VARIABLE = YES;
				IPHONEOS_DEPLOYMENT_TARGET = 11.2;
				MTL_ENABLE_DEBUG_INFO = YES;
				ONLY_ACTIVE_ARCH = YES;
				SDKROOT = iphoneos;
				SWIFT_ACTIVE_COMPILATION_CONDITIONS = DEBUG;
				SWIFT_OPTIMIZATION_LEVEL = "-Onone";
			};
			name = Debug;
		};
		85E22FEF201FEBF900FAD762 /* Release */ = {
			isa = XCBuildConfiguration;
			buildSettings = {
				ALWAYS_SEARCH_USER_PATHS = NO;
				CLANG_ANALYZER_NONNULL = YES;
				CLANG_ANALYZER_NUMBER_OBJECT_CONVERSION = YES_AGGRESSIVE;
				CLANG_CXX_LANGUAGE_STANDARD = "gnu++14";
				CLANG_CXX_LIBRARY = "libc++";
				CLANG_ENABLE_MODULES = YES;
				CLANG_ENABLE_OBJC_ARC = YES;
				CLANG_WARN_BLOCK_CAPTURE_AUTORELEASING = YES;
				CLANG_WARN_BOOL_CONVERSION = YES;
				CLANG_WARN_COMMA = YES;
				CLANG_WARN_CONSTANT_CONVERSION = YES;
				CLANG_WARN_DIRECT_OBJC_ISA_USAGE = YES_ERROR;
				CLANG_WARN_DOCUMENTATION_COMMENTS = YES;
				CLANG_WARN_EMPTY_BODY = YES;
				CLANG_WARN_ENUM_CONVERSION = YES;
				CLANG_WARN_INFINITE_RECURSION = YES;
				CLANG_WARN_INT_CONVERSION = YES;
				CLANG_WARN_NON_LITERAL_NULL_CONVERSION = YES;
				CLANG_WARN_OBJC_LITERAL_CONVERSION = YES;
				CLANG_WARN_OBJC_ROOT_CLASS = YES_ERROR;
				CLANG_WARN_RANGE_LOOP_ANALYSIS = YES;
				CLANG_WARN_STRICT_PROTOTYPES = YES;
				CLANG_WARN_SUSPICIOUS_MOVE = YES;
				CLANG_WARN_UNGUARDED_AVAILABILITY = YES_AGGRESSIVE;
				CLANG_WARN_UNREACHABLE_CODE = YES;
				CLANG_WARN__DUPLICATE_METHOD_MATCH = YES;
				CODE_SIGN_IDENTITY = "iPhone Developer";
				COPY_PHASE_STRIP = NO;
				DEBUG_INFORMATION_FORMAT = "dwarf-with-dsym";
				ENABLE_NS_ASSERTIONS = NO;
				ENABLE_STRICT_OBJC_MSGSEND = YES;
				GCC_C_LANGUAGE_STANDARD = gnu11;
				GCC_NO_COMMON_BLOCKS = YES;
				GCC_WARN_64_TO_32_BIT_CONVERSION = YES;
				GCC_WARN_ABOUT_RETURN_TYPE = YES_ERROR;
				GCC_WARN_UNDECLARED_SELECTOR = YES;
				GCC_WARN_UNINITIALIZED_AUTOS = YES_AGGRESSIVE;
				GCC_WARN_UNUSED_FUNCTION = YES;
				GCC_WARN_UNUSED_VARIABLE = YES;
				IPHONEOS_DEPLOYMENT_TARGET = 11.2;
				MTL_ENABLE_DEBUG_INFO = NO;
				SDKROOT = iphoneos;
				SWIFT_OPTIMIZATION_LEVEL = "-Owholemodule";
				VALIDATE_PRODUCT = YES;
			};
			name = Release;
		};
		85E22FF1201FEBF900FAD762 /* Debug */ = {
			isa = XCBuildConfiguration;
			buildSettings = {
				ASSETCATALOG_COMPILER_APPICON_NAME = AppIcon;
				CODE_SIGN_STYLE = Automatic;
				DEVELOPMENT_TEAM = 2BULHRS882;
				INFOPLIST_FILE = "MAPD724-W2018-Lesson2/Info.plist";
				LD_RUNPATH_SEARCH_PATHS = "$(inherited) @executable_path/Frameworks";
				PRODUCT_BUNDLE_IDENTIFIER = "ca.CentennialCollege.MAPD724-W2018-Lesson2";
				PRODUCT_NAME = "$(TARGET_NAME)";
				SWIFT_VERSION = 4.0;
				TARGETED_DEVICE_FAMILY = "1,2";
			};
			name = Debug;
		};
		85E22FF2201FEBF900FAD762 /* Release */ = {
			isa = XCBuildConfiguration;
			buildSettings = {
				ASSETCATALOG_COMPILER_APPICON_NAME = AppIcon;
				CODE_SIGN_STYLE = Automatic;
				DEVELOPMENT_TEAM = 2BULHRS882;
				INFOPLIST_FILE = "MAPD724-W2018-Lesson2/Info.plist";
				LD_RUNPATH_SEARCH_PATHS = "$(inherited) @executable_path/Frameworks";
				PRODUCT_BUNDLE_IDENTIFIER = "ca.CentennialCollege.MAPD724-W2018-Lesson2";
				PRODUCT_NAME = "$(TARGET_NAME)";
				SWIFT_VERSION = 4.0;
				TARGETED_DEVICE_FAMILY = "1,2";
			};
			name = Release;
		};
/* End XCBuildConfiguration section */

/* Begin XCConfigurationList section */
		85E22FD3201FEBF900FAD762 /* Build configuration list for PBXProject "MAPD724-W2018-Lesson2" */ = {
			isa = XCConfigurationList;
			buildConfigurations = (
				85E22FEE201FEBF900FAD762 /* Debug */,
				85E22FEF201FEBF900FAD762 /* Release */,
			);
			defaultConfigurationIsVisible = 0;
			defaultConfigurationName = Release;
		};
		85E22FF0201FEBF900FAD762 /* Build configuration list for PBXNativeTarget "MAPD724-W2018-Lesson2" */ = {
			isa = XCConfigurationList;
			buildConfigurations = (
				85E22FF1201FEBF900FAD762 /* Debug */,
				85E22FF2201FEBF900FAD762 /* Release */,
			);
			defaultConfigurationIsVisible = 0;
			defaultConfigurationName = Release;
		};
/* End XCConfigurationList section */
	};
	rootObject = 85E22FD0201FEBF900FAD762 /* Project object */;
}
